
Microsoft Visual Studio Solution File, Format Version 12.00
# Visual Studio Version 18
VisualStudioVersion = 18.0.11222.15
MinimumVisualStudioVersion = 10.0.40219.1
Project("{2150E333-8FDC-42A3-9474-1A3956D46DE8}") = "Services", "Services", "{B18D8224-2F93-411E-989C-345FC7E55871}"
EndProject
Project("{2150E333-8FDC-42A3-9474-1A3956D46DE8}") = "Tests", "Tests", "{660BF5FB-6DA6-4B85-A20D-59F00DEAFB80}"
EndProject
Project("{2150E333-8FDC-42A3-9474-1A3956D46DE8}") = "BuildingBlocks", "BuildingBlocks", "{4834DBCF-5F55-42C6-8A28-153781102507}"
EndProject
Project("{2150E333-8FDC-42A3-9474-1A3956D46DE8}") = "League", "League", "{A246D711-FA99-4522-8D3B-6C2ABD445C17}"
EndProject
Project("{9A19103F-16F7-4668-BE54-9A1E7A4F7556}") = "League.API", "Services\League\League.API\League.API.csproj", "{3D0E7F95-2B9E-4ECF-95C4-14E69FA007FA}"
EndProject
Project("{9A19103F-16F7-4668-BE54-9A1E7A4F7556}") = "BuildingBlocks", "BuildingBlocks\BuildingBlocks\BuildingBlocks.csproj", "{D39A8F79-2250-4635-B0B6-51A698F1FCCF}"
EndProject
Project("{2150E333-8FDC-42A3-9474-1A3956D46DE8}") = "Team", "Team", "{20CE2684-E704-4230-ABA6-41F19D903D58}"
EndProject
Project("{9A19103F-16F7-4668-BE54-9A1E7A4F7556}") = "Team.API", "Services\Team\Team.API\Team.API.csproj", "{4B55BA32-9C38-49B9-ACFD-C401E09A848E}"
EndProject
Project("{9A19103F-16F7-4668-BE54-9A1E7A4F7556}") = "Team.Application", "Services\Team\Team.Application\Team.Application.csproj", "{C3BC2A1D-DC9C-4AC2-8A69-E8C5ED3C11CF}"
EndProject
Project("{9A19103F-16F7-4668-BE54-9A1E7A4F7556}") = "Team.Domain", "Services\Team\Team.Domain\Team.Domain.csproj", "{71951DDC-ACEF-46E6-A5A6-CB56203BD9AA}"
EndProject
Project("{9A19103F-16F7-4668-BE54-9A1E7A4F7556}") = "Team.Infrastructure", "Services\Team\Team.Infrastructure\Team.Infrastructure.csproj", "{6A8B4EA3-30D4-4023-89F6-0C7CC6234C21}"
EndProject
Project("{9A19103F-16F7-4668-BE54-9A1E7A4F7556}") = "BuildingBlocks.Messaging", "BuildingBlocks\BuildingBlocks.Messaging\BuildingBlocks.Messaging.csproj", "{BF57A2D5-7E7C-43C4-A89B-15CDFBC7EA63}"
EndProject
Project("{2150E333-8FDC-42A3-9474-1A3956D46DE8}") = "Player", "Player", "{DE77785D-841F-4D3E-AF2F-EAE091A1C87E}"
EndProject
Project("{9A19103F-16F7-4668-BE54-9A1E7A4F7556}") = "Player.API", "Services\Player\Player.API\Player.API.csproj", "{B739D641-B86A-4D08-82D2-9C00D4D20CA6}"
EndProject
Project("{9A19103F-16F7-4668-BE54-9A1E7A4F7556}") = "Player.Application", "Services\Player\Player.Application\Player.Application.csproj", "{C803ABA7-F234-43D0-BB54-564C586B2A06}"
EndProject
Project("{9A19103F-16F7-4668-BE54-9A1E7A4F7556}") = "Player.Domain", "Services\Player\Player.Domain\Player.Domain.csproj", "{0125A8F9-36D0-4A5E-8E2C-7331520F80E2}"
EndProject
Project("{9A19103F-16F7-4668-BE54-9A1E7A4F7556}") = "Player.Infrastructure", "Services\Player\Player.Infrastructure\Player.Infrastructure.csproj", "{13A811BC-52EB-487F-9CC9-09313E45B7DA}"
EndProject
Project("{2150E333-8FDC-42A3-9474-1A3956D46DE8}") = "ApiGateways", "ApiGateways", "{AF4613DF-6F08-4C6E-90BA-B1A96694DF62}"
EndProject
Project("{9A19103F-16F7-4668-BE54-9A1E7A4F7556}") = "League.Builder.ApiGateway", "ApiGateways\League.Builder.ApiGateway\League.Builder.ApiGateway.csproj", "{5E55973A-9893-4A02-9656-361E702397B9}"
EndProject
Project("{2150E333-8FDC-42A3-9474-1A3956D46DE8}") = "WebApps", "WebApps", "{0DBF6577-0F2E-4320-AFB0-4B28271FE99C}"
EndProject
Project("{2150E333-8FDC-42A3-9474-1A3956D46DE8}") = "Stats", "Stats", "{36CB8D5A-DA22-4CE8-B7A6-910030EBA120}"
EndProject
Project("{FAE04EC0-301F-11D3-BF4B-00C04F79EFBC}") = "Stats.API", "Services\Stats\Stats.API\Stats.API.csproj", "{C6623D98-0568-4760-A27F-F9E297EF67BD}"
EndProject
Project("{FAE04EC0-301F-11D3-BF4B-00C04F79EFBC}") = "Stats.Application", "Services\Stats\Stats.Application\Stats.Application.csproj", "{A2D1E088-DF73-4F15-8E80-996A83738039}"
EndProject
Project("{FAE04EC0-301F-11D3-BF4B-00C04F79EFBC}") = "Stats.Domain", "Services\Stats\Stats.Domain\Stats.Domain.csproj", "{507DABCB-D280-4081-9C15-8CB70CC4BC92}"
EndProject
Project("{FAE04EC0-301F-11D3-BF4B-00C04F79EFBC}") = "Stats.Infrastructure", "Services\Stats\Stats.Infrastructure\Stats.Infrastructure.csproj", "{33BC675C-A695-4485-92E5-5C002BF79109}"
EndProject
Project("{2150E333-8FDC-42A3-9474-1A3956D46DE8}") = "Season", "Season", "{02EA681E-C7D8-13C7-8484-4AC65E1B71E8}"
EndProject
Project("{FAE04EC0-301F-11D3-BF4B-00C04F79EFBC}") = "Season.API", "Services\Season\Season.API\Season.API.csproj", "{B19C23D4-94AE-435A-BAB4-DEB62E343265}"
EndProject
Project("{2150E333-8FDC-42A3-9474-1A3956D46DE8}") = "Game", "Game", "{55EBA874-D1B3-4A79-8501-162FEE2CDC69}"
EndProject
Project("{FAE04EC0-301F-11D3-BF4B-00C04F79EFBC}") = "Game.API", "Services\Game\Game.API\Game.API.csproj", "{67F97069-1898-43B2-A466-A5AA4E29E97E}"
EndProject
Project("{FAE04EC0-301F-11D3-BF4B-00C04F79EFBC}") = "Game.Application", "Services\Game\Game.Application\Game.Application.csproj", "{B3582A0B-66BD-424A-BBA2-532053600EFD}"
EndProject
Project("{FAE04EC0-301F-11D3-BF4B-00C04F79EFBC}") = "Game.Domain", "Services\Game\Game.Domain\Game.Domain.csproj", "{BCBB0631-3B6A-40A3-B7C3-9C91ABEE2BAA}"
EndProject
Project("{FAE04EC0-301F-11D3-BF4B-00C04F79EFBC}") = "Game.Infrastructure", "Services\Game\Game.Infrastructure\Game.Infrastructure.csproj", "{BE091076-5BF0-4EB1-AE04-61B700427E80}"
EndProject
Project("{2150E333-8FDC-42A3-9474-1A3956D46DE8}") = "Standings", "Standings", "{3181F175-7847-47D6-B48E-C9A8F9E05BD6}"
EndProject
Project("{FAE04EC0-301F-11D3-BF4B-00C04F79EFBC}") = "Standings.API", "Services\Standings\Standings.API\Standings.API.csproj", "{E4225BD7-9F56-4111-ABB2-1D815A002157}"
EndProject
Project("{FAE04EC0-301F-11D3-BF4B-00C04F79EFBC}") = "Standings.Application", "Services\Standings\Standings.Application\Standings.Application.csproj", "{2C8ED178-2C33-441C-A9EA-FAD5C89D629C}"
EndProject
Project("{FAE04EC0-301F-11D3-BF4B-00C04F79EFBC}") = "Standings.Domain", "Services\Standings\Standings.Domain\Standings.Domain.csproj", "{F0282389-89B4-4927-9ED2-C2F473E633EB}"
EndProject
Project("{FAE04EC0-301F-11D3-BF4B-00C04F79EFBC}") = "Standings.Infrastructure", "Services\Standings\Standings.Infrastructure\Standings.Infrastructure.csproj", "{77318AF6-567D-4BD5-9A90-1127CE0ECD9A}"
EndProject
Project("{2150E333-8FDC-42A3-9474-1A3956D46DE8}") = "Aspire", "Aspire", "{5A43C398-DCF4-4448-A02E-F7C5BA4F3180}"
EndProject
Project("{FAE04EC0-301F-11D3-BF4B-00C04F79EFBC}") = "League.Builder.AppHost", "Aspire\League.Builder.AppHost\League.Builder.AppHost.csproj", "{EF739375-BAB9-4248-A466-4193EF6559E4}"
EndProject
Project("{FAE04EC0-301F-11D3-BF4B-00C04F79EFBC}") = "League.Builder.ServiceDefaults", "Aspire\League.Builder.ServiceDefaults\League.Builder.ServiceDefaults.csproj", "{C98827BD-99F2-4E81-A7DD-9B81BFAA5A98}"
EndProject
Project("{FAE04EC0-301F-11D3-BF4B-00C04F79EFBC}") = "League.Builder.Web.Server", "WebApps\League.Builder.Web.Server\League.Builder.Web.Server.csproj", "{8D3B476C-3D96-4460-B63B-D3505E1B0DFF}"
EndProject
Project("{2150E333-8FDC-42A3-9474-1A3956D46DE8}") = "AWSDeployContainers", "AWSDeployContainers", "{146A2A36-DF88-4A7E-9AE0-3009EAF3EFEA}"
	ProjectSection(SolutionItems) = preProject
		cluster.yaml = cluster.yaml
		docker-compose.override.yml = docker-compose.override.yml
		docker-compose.yml = docker-compose.yml
		network.yaml = network.yaml
		services-api.yaml = services-api.yaml
		services-infra.yaml = services-infra.yaml
	EndProjectSection
EndProject
Global
	GlobalSection(SolutionConfigurationPlatforms) = preSolution
		Debug|Any CPU = Debug|Any CPU
		Release|Any CPU = Release|Any CPU
	EndGlobalSection
	GlobalSection(ProjectConfigurationPlatforms) = postSolution
		{3D0E7F95-2B9E-4ECF-95C4-14E69FA007FA}.Debug|Any CPU.ActiveCfg = Debug|Any CPU
		{3D0E7F95-2B9E-4ECF-95C4-14E69FA007FA}.Debug|Any CPU.Build.0 = Debug|Any CPU
		{3D0E7F95-2B9E-4ECF-95C4-14E69FA007FA}.Release|Any CPU.ActiveCfg = Release|Any CPU
		{3D0E7F95-2B9E-4ECF-95C4-14E69FA007FA}.Release|Any CPU.Build.0 = Release|Any CPU
		{D39A8F79-2250-4635-B0B6-51A698F1FCCF}.Debug|Any CPU.ActiveCfg = Debug|Any CPU
		{D39A8F79-2250-4635-B0B6-51A698F1FCCF}.Debug|Any CPU.Build.0 = Debug|Any CPU
		{D39A8F79-2250-4635-B0B6-51A698F1FCCF}.Release|Any CPU.ActiveCfg = Release|Any CPU
		{D39A8F79-2250-4635-B0B6-51A698F1FCCF}.Release|Any CPU.Build.0 = Release|Any CPU
		{4B55BA32-9C38-49B9-ACFD-C401E09A848E}.Debug|Any CPU.ActiveCfg = Debug|Any CPU
		{4B55BA32-9C38-49B9-ACFD-C401E09A848E}.Debug|Any CPU.Build.0 = Debug|Any CPU
		{4B55BA32-9C38-49B9-ACFD-C401E09A848E}.Release|Any CPU.ActiveCfg = Release|Any CPU
		{4B55BA32-9C38-49B9-ACFD-C401E09A848E}.Release|Any CPU.Build.0 = Release|Any CPU
		{C3BC2A1D-DC9C-4AC2-8A69-E8C5ED3C11CF}.Debug|Any CPU.ActiveCfg = Debug|Any CPU
		{C3BC2A1D-DC9C-4AC2-8A69-E8C5ED3C11CF}.Debug|Any CPU.Build.0 = Debug|Any CPU
		{C3BC2A1D-DC9C-4AC2-8A69-E8C5ED3C11CF}.Release|Any CPU.ActiveCfg = Release|Any CPU
		{C3BC2A1D-DC9C-4AC2-8A69-E8C5ED3C11CF}.Release|Any CPU.Build.0 = Release|Any CPU
		{71951DDC-ACEF-46E6-A5A6-CB56203BD9AA}.Debug|Any CPU.ActiveCfg = Debug|Any CPU
		{71951DDC-ACEF-46E6-A5A6-CB56203BD9AA}.Debug|Any CPU.Build.0 = Debug|Any CPU
		{71951DDC-ACEF-46E6-A5A6-CB56203BD9AA}.Release|Any CPU.ActiveCfg = Release|Any CPU
		{71951DDC-ACEF-46E6-A5A6-CB56203BD9AA}.Release|Any CPU.Build.0 = Release|Any CPU
		{6A8B4EA3-30D4-4023-89F6-0C7CC6234C21}.Debug|Any CPU.ActiveCfg = Debug|Any CPU
		{6A8B4EA3-30D4-4023-89F6-0C7CC6234C21}.Debug|Any CPU.Build.0 = Debug|Any CPU
		{6A8B4EA3-30D4-4023-89F6-0C7CC6234C21}.Release|Any CPU.ActiveCfg = Release|Any CPU
		{6A8B4EA3-30D4-4023-89F6-0C7CC6234C21}.Release|Any CPU.Build.0 = Release|Any CPU
		{BF57A2D5-7E7C-43C4-A89B-15CDFBC7EA63}.Debug|Any CPU.ActiveCfg = Debug|Any CPU
		{BF57A2D5-7E7C-43C4-A89B-15CDFBC7EA63}.Debug|Any CPU.Build.0 = Debug|Any CPU
		{BF57A2D5-7E7C-43C4-A89B-15CDFBC7EA63}.Release|Any CPU.ActiveCfg = Release|Any CPU
		{BF57A2D5-7E7C-43C4-A89B-15CDFBC7EA63}.Release|Any CPU.Build.0 = Release|Any CPU
		{B739D641-B86A-4D08-82D2-9C00D4D20CA6}.Debug|Any CPU.ActiveCfg = Debug|Any CPU
		{B739D641-B86A-4D08-82D2-9C00D4D20CA6}.Debug|Any CPU.Build.0 = Debug|Any CPU
		{B739D641-B86A-4D08-82D2-9C00D4D20CA6}.Release|Any CPU.ActiveCfg = Release|Any CPU
		{B739D641-B86A-4D08-82D2-9C00D4D20CA6}.Release|Any CPU.Build.0 = Release|Any CPU
		{C803ABA7-F234-43D0-BB54-564C586B2A06}.Debug|Any CPU.ActiveCfg = Debug|Any CPU
		{C803ABA7-F234-43D0-BB54-564C586B2A06}.Debug|Any CPU.Build.0 = Debug|Any CPU
		{C803ABA7-F234-43D0-BB54-564C586B2A06}.Release|Any CPU.ActiveCfg = Release|Any CPU
		{C803ABA7-F234-43D0-BB54-564C586B2A06}.Release|Any CPU.Build.0 = Release|Any CPU
		{0125A8F9-36D0-4A5E-8E2C-7331520F80E2}.Debug|Any CPU.ActiveCfg = Debug|Any CPU
		{0125A8F9-36D0-4A5E-8E2C-7331520F80E2}.Debug|Any CPU.Build.0 = Debug|Any CPU
		{0125A8F9-36D0-4A5E-8E2C-7331520F80E2}.Release|Any CPU.ActiveCfg = Release|Any CPU
		{0125A8F9-36D0-4A5E-8E2C-7331520F80E2}.Release|Any CPU.Build.0 = Release|Any CPU
		{13A811BC-52EB-487F-9CC9-09313E45B7DA}.Debug|Any CPU.ActiveCfg = Debug|Any CPU
		{13A811BC-52EB-487F-9CC9-09313E45B7DA}.Debug|Any CPU.Build.0 = Debug|Any CPU
		{13A811BC-52EB-487F-9CC9-09313E45B7DA}.Release|Any CPU.ActiveCfg = Release|Any CPU
		{13A811BC-52EB-487F-9CC9-09313E45B7DA}.Release|Any CPU.Build.0 = Release|Any CPU
		{5E55973A-9893-4A02-9656-361E702397B9}.Debug|Any CPU.ActiveCfg = Debug|Any CPU
		{5E55973A-9893-4A02-9656-361E702397B9}.Debug|Any CPU.Build.0 = Debug|Any CPU
		{5E55973A-9893-4A02-9656-361E702397B9}.Release|Any CPU.ActiveCfg = Release|Any CPU
		{5E55973A-9893-4A02-9656-361E702397B9}.Release|Any CPU.Build.0 = Release|Any CPU
		{C6623D98-0568-4760-A27F-F9E297EF67BD}.Debug|Any CPU.ActiveCfg = Debug|Any CPU
		{C6623D98-0568-4760-A27F-F9E297EF67BD}.Debug|Any CPU.Build.0 = Debug|Any CPU
		{C6623D98-0568-4760-A27F-F9E297EF67BD}.Release|Any CPU.ActiveCfg = Release|Any CPU
		{C6623D98-0568-4760-A27F-F9E297EF67BD}.Release|Any CPU.Build.0 = Release|Any CPU
		{A2D1E088-DF73-4F15-8E80-996A83738039}.Debug|Any CPU.ActiveCfg = Debug|Any CPU
		{A2D1E088-DF73-4F15-8E80-996A83738039}.Debug|Any CPU.Build.0 = Debug|Any CPU
		{A2D1E088-DF73-4F15-8E80-996A83738039}.Release|Any CPU.ActiveCfg = Release|Any CPU
		{A2D1E088-DF73-4F15-8E80-996A83738039}.Release|Any CPU.Build.0 = Release|Any CPU
		{507DABCB-D280-4081-9C15-8CB70CC4BC92}.Debug|Any CPU.ActiveCfg = Debug|Any CPU
		{507DABCB-D280-4081-9C15-8CB70CC4BC92}.Debug|Any CPU.Build.0 = Debug|Any CPU
		{507DABCB-D280-4081-9C15-8CB70CC4BC92}.Release|Any CPU.ActiveCfg = Release|Any CPU
		{507DABCB-D280-4081-9C15-8CB70CC4BC92}.Release|Any CPU.Build.0 = Release|Any CPU
		{33BC675C-A695-4485-92E5-5C002BF79109}.Debug|Any CPU.ActiveCfg = Debug|Any CPU
		{33BC675C-A695-4485-92E5-5C002BF79109}.Debug|Any CPU.Build.0 = Debug|Any CPU
		{33BC675C-A695-4485-92E5-5C002BF79109}.Release|Any CPU.ActiveCfg = Release|Any CPU
		{33BC675C-A695-4485-92E5-5C002BF79109}.Release|Any CPU.Build.0 = Release|Any CPU
		{B19C23D4-94AE-435A-BAB4-DEB62E343265}.Debug|Any CPU.ActiveCfg = Debug|Any CPU
		{B19C23D4-94AE-435A-BAB4-DEB62E343265}.Debug|Any CPU.Build.0 = Debug|Any CPU
		{B19C23D4-94AE-435A-BAB4-DEB62E343265}.Release|Any CPU.ActiveCfg = Release|Any CPU
		{B19C23D4-94AE-435A-BAB4-DEB62E343265}.Release|Any CPU.Build.0 = Release|Any CPU
		{67F97069-1898-43B2-A466-A5AA4E29E97E}.Debug|Any CPU.ActiveCfg = Debug|Any CPU
		{67F97069-1898-43B2-A466-A5AA4E29E97E}.Debug|Any CPU.Build.0 = Debug|Any CPU
		{67F97069-1898-43B2-A466-A5AA4E29E97E}.Release|Any CPU.ActiveCfg = Release|Any CPU
		{67F97069-1898-43B2-A466-A5AA4E29E97E}.Release|Any CPU.Build.0 = Release|Any CPU
		{B3582A0B-66BD-424A-BBA2-532053600EFD}.Debug|Any CPU.ActiveCfg = Debug|Any CPU
		{B3582A0B-66BD-424A-BBA2-532053600EFD}.Debug|Any CPU.Build.0 = Debug|Any CPU
		{B3582A0B-66BD-424A-BBA2-532053600EFD}.Release|Any CPU.ActiveCfg = Release|Any CPU
		{B3582A0B-66BD-424A-BBA2-532053600EFD}.Release|Any CPU.Build.0 = Release|Any CPU
		{BCBB0631-3B6A-40A3-B7C3-9C91ABEE2BAA}.Debug|Any CPU.ActiveCfg = Debug|Any CPU
		{BCBB0631-3B6A-40A3-B7C3-9C91ABEE2BAA}.Debug|Any CPU.Build.0 = Debug|Any CPU
		{BCBB0631-3B6A-40A3-B7C3-9C91ABEE2BAA}.Release|Any CPU.ActiveCfg = Release|Any CPU
		{BCBB0631-3B6A-40A3-B7C3-9C91ABEE2BAA}.Release|Any CPU.Build.0 = Release|Any CPU
		{BE091076-5BF0-4EB1-AE04-61B700427E80}.Debug|Any CPU.ActiveCfg = Debug|Any CPU
		{BE091076-5BF0-4EB1-AE04-61B700427E80}.Debug|Any CPU.Build.0 = Debug|Any CPU
		{BE091076-5BF0-4EB1-AE04-61B700427E80}.Release|Any CPU.ActiveCfg = Release|Any CPU
		{BE091076-5BF0-4EB1-AE04-61B700427E80}.Release|Any CPU.Build.0 = Release|Any CPU
		{E4225BD7-9F56-4111-ABB2-1D815A002157}.Debug|Any CPU.ActiveCfg = Debug|Any CPU
		{E4225BD7-9F56-4111-ABB2-1D815A002157}.Debug|Any CPU.Build.0 = Debug|Any CPU
		{E4225BD7-9F56-4111-ABB2-1D815A002157}.Release|Any CPU.ActiveCfg = Release|Any CPU
		{E4225BD7-9F56-4111-ABB2-1D815A002157}.Release|Any CPU.Build.0 = Release|Any CPU
		{2C8ED178-2C33-441C-A9EA-FAD5C89D629C}.Debug|Any CPU.ActiveCfg = Debug|Any CPU
		{2C8ED178-2C33-441C-A9EA-FAD5C89D629C}.Debug|Any CPU.Build.0 = Debug|Any CPU
		{2C8ED178-2C33-441C-A9EA-FAD5C89D629C}.Release|Any CPU.ActiveCfg = Release|Any CPU
		{2C8ED178-2C33-441C-A9EA-FAD5C89D629C}.Release|Any CPU.Build.0 = Release|Any CPU
		{F0282389-89B4-4927-9ED2-C2F473E633EB}.Debug|Any CPU.ActiveCfg = Debug|Any CPU
		{F0282389-89B4-4927-9ED2-C2F473E633EB}.Debug|Any CPU.Build.0 = Debug|Any CPU
		{F0282389-89B4-4927-9ED2-C2F473E633EB}.Release|Any CPU.ActiveCfg = Release|Any CPU
		{F0282389-89B4-4927-9ED2-C2F473E633EB}.Release|Any CPU.Build.0 = Release|Any CPU
		{77318AF6-567D-4BD5-9A90-1127CE0ECD9A}.Debug|Any CPU.ActiveCfg = Debug|Any CPU
		{77318AF6-567D-4BD5-9A90-1127CE0ECD9A}.Debug|Any CPU.Build.0 = Debug|Any CPU
		{77318AF6-567D-4BD5-9A90-1127CE0ECD9A}.Release|Any CPU.ActiveCfg = Release|Any CPU
		{77318AF6-567D-4BD5-9A90-1127CE0ECD9A}.Release|Any CPU.Build.0 = Release|Any CPU
		{EF739375-BAB9-4248-A466-4193EF6559E4}.Debug|Any CPU.ActiveCfg = Debug|Any CPU
		{EF739375-BAB9-4248-A466-4193EF6559E4}.Debug|Any CPU.Build.0 = Debug|Any CPU
		{EF739375-BAB9-4248-A466-4193EF6559E4}.Release|Any CPU.ActiveCfg = Release|Any CPU
		{EF739375-BAB9-4248-A466-4193EF6559E4}.Release|Any CPU.Build.0 = Release|Any CPU
		{C98827BD-99F2-4E81-A7DD-9B81BFAA5A98}.Debug|Any CPU.ActiveCfg = Debug|Any CPU
		{C98827BD-99F2-4E81-A7DD-9B81BFAA5A98}.Debug|Any CPU.Build.0 = Debug|Any CPU
		{C98827BD-99F2-4E81-A7DD-9B81BFAA5A98}.Release|Any CPU.ActiveCfg = Release|Any CPU
		{C98827BD-99F2-4E81-A7DD-9B81BFAA5A98}.Release|Any CPU.Build.0 = Release|Any CPU
		{8D3B476C-3D96-4460-B63B-D3505E1B0DFF}.Debug|Any CPU.ActiveCfg = Debug|Any CPU
		{8D3B476C-3D96-4460-B63B-D3505E1B0DFF}.Debug|Any CPU.Build.0 = Debug|Any CPU
		{8D3B476C-3D96-4460-B63B-D3505E1B0DFF}.Release|Any CPU.ActiveCfg = Release|Any CPU
		{8D3B476C-3D96-4460-B63B-D3505E1B0DFF}.Release|Any CPU.Build.0 = Release|Any CPU
	EndGlobalSection
	GlobalSection(SolutionProperties) = preSolution
		HideSolutionNode = FALSE
	EndGlobalSection
	GlobalSection(NestedProjects) = preSolution
		{A246D711-FA99-4522-8D3B-6C2ABD445C17} = {B18D8224-2F93-411E-989C-345FC7E55871}
		{3D0E7F95-2B9E-4ECF-95C4-14E69FA007FA} = {A246D711-FA99-4522-8D3B-6C2ABD445C17}
		{D39A8F79-2250-4635-B0B6-51A698F1FCCF} = {4834DBCF-5F55-42C6-8A28-153781102507}
		{20CE2684-E704-4230-ABA6-41F19D903D58} = {B18D8224-2F93-411E-989C-345FC7E55871}
		{4B55BA32-9C38-49B9-ACFD-C401E09A848E} = {20CE2684-E704-4230-ABA6-41F19D903D58}
		{C3BC2A1D-DC9C-4AC2-8A69-E8C5ED3C11CF} = {20CE2684-E704-4230-ABA6-41F19D903D58}
		{71951DDC-ACEF-46E6-A5A6-CB56203BD9AA} = {20CE2684-E704-4230-ABA6-41F19D903D58}
		{6A8B4EA3-30D4-4023-89F6-0C7CC6234C21} = {20CE2684-E704-4230-ABA6-41F19D903D58}
		{BF57A2D5-7E7C-43C4-A89B-15CDFBC7EA63} = {4834DBCF-5F55-42C6-8A28-153781102507}
		{DE77785D-841F-4D3E-AF2F-EAE091A1C87E} = {B18D8224-2F93-411E-989C-345FC7E55871}
		{B739D641-B86A-4D08-82D2-9C00D4D20CA6} = {DE77785D-841F-4D3E-AF2F-EAE091A1C87E}
		{C803ABA7-F234-43D0-BB54-564C586B2A06} = {DE77785D-841F-4D3E-AF2F-EAE091A1C87E}
		{0125A8F9-36D0-4A5E-8E2C-7331520F80E2} = {DE77785D-841F-4D3E-AF2F-EAE091A1C87E}
		{13A811BC-52EB-487F-9CC9-09313E45B7DA} = {DE77785D-841F-4D3E-AF2F-EAE091A1C87E}
		{5E55973A-9893-4A02-9656-361E702397B9} = {AF4613DF-6F08-4C6E-90BA-B1A96694DF62}
		{36CB8D5A-DA22-4CE8-B7A6-910030EBA120} = {B18D8224-2F93-411E-989C-345FC7E55871}
		{C6623D98-0568-4760-A27F-F9E297EF67BD} = {36CB8D5A-DA22-4CE8-B7A6-910030EBA120}
		{A2D1E088-DF73-4F15-8E80-996A83738039} = {36CB8D5A-DA22-4CE8-B7A6-910030EBA120}
		{507DABCB-D280-4081-9C15-8CB70CC4BC92} = {36CB8D5A-DA22-4CE8-B7A6-910030EBA120}
		{33BC675C-A695-4485-92E5-5C002BF79109} = {36CB8D5A-DA22-4CE8-B7A6-910030EBA120}
		{02EA681E-C7D8-13C7-8484-4AC65E1B71E8} = {B18D8224-2F93-411E-989C-345FC7E55871}
		{B19C23D4-94AE-435A-BAB4-DEB62E343265} = {02EA681E-C7D8-13C7-8484-4AC65E1B71E8}
		{55EBA874-D1B3-4A79-8501-162FEE2CDC69} = {B18D8224-2F93-411E-989C-345FC7E55871}
		{67F97069-1898-43B2-A466-A5AA4E29E97E} = {55EBA874-D1B3-4A79-8501-162FEE2CDC69}
		{B3582A0B-66BD-424A-BBA2-532053600EFD} = {55EBA874-D1B3-4A79-8501-162FEE2CDC69}
		{BCBB0631-3B6A-40A3-B7C3-9C91ABEE2BAA} = {55EBA874-D1B3-4A79-8501-162FEE2CDC69}
		{BE091076-5BF0-4EB1-AE04-61B700427E80} = {55EBA874-D1B3-4A79-8501-162FEE2CDC69}
		{3181F175-7847-47D6-B48E-C9A8F9E05BD6} = {B18D8224-2F93-411E-989C-345FC7E55871}
		{E4225BD7-9F56-4111-ABB2-1D815A002157} = {3181F175-7847-47D6-B48E-C9A8F9E05BD6}
		{2C8ED178-2C33-441C-A9EA-FAD5C89D629C} = {3181F175-7847-47D6-B48E-C9A8F9E05BD6}
		{F0282389-89B4-4927-9ED2-C2F473E633EB} = {3181F175-7847-47D6-B48E-C9A8F9E05BD6}
		{77318AF6-567D-4BD5-9A90-1127CE0ECD9A} = {3181F175-7847-47D6-B48E-C9A8F9E05BD6}
		{EF739375-BAB9-4248-A466-4193EF6559E4} = {5A43C398-DCF4-4448-A02E-F7C5BA4F3180}
		{C98827BD-99F2-4E81-A7DD-9B81BFAA5A98} = {5A43C398-DCF4-4448-A02E-F7C5BA4F3180}
		{8D3B476C-3D96-4460-B63B-D3505E1B0DFF} = {0DBF6577-0F2E-4320-AFB0-4B28271FE99C}
	EndGlobalSection
	GlobalSection(ExtensibilityGlobals) = postSolution
		SolutionGuid = {37BC98E0-E4DA-4023-98D1-A14B84DF2FE4}
	EndGlobalSection
EndGlobal
